
Microsoft Visual Studio Solution File, Format Version 12.00
# Visual Studio Version 17
VisualStudioVersion = 17.7.34221.43
MinimumVisualStudioVersion = 10.0.40219.1
Project("{9A19103F-16F7-4668-BE54-9A1E7A4F7556}") = "Dominio", "Dominio\Dominio.csproj", "{C16092FC-B42E-4FB7-A298-A0443BE41D21}"
EndProject
Project("{9A19103F-16F7-4668-BE54-9A1E7A4F7556}") = "Infra", "Infra\Infra.csproj", "{B3B86E65-2D07-414D-AB97-240D10CC39E3}"
EndProject
Project("{FAE04EC0-301F-11D3-BF4B-00C04F79EFBC}") = "API", "API\API.csproj", "{08799829-7F47-4317-9ADD-29C2B99FAAD5}"
EndProject
Global
	GlobalSection(SolutionConfigurationPlatforms) = preSolution
		Debug|Any CPU = Debug|Any CPU
		Release|Any CPU = Release|Any CPU
	EndGlobalSection
	GlobalSection(ProjectConfigurationPlatforms) = postSolution
		{C16092FC-B42E-4FB7-A298-A0443BE41D21}.Debug|Any CPU.ActiveCfg = Debug|Any CPU
		{C16092FC-B42E-4FB7-A298-A0443BE41D21}.Debug|Any CPU.Build.0 = Debug|Any CPU
		{C16092FC-B42E-4FB7-A298-A0443BE41D21}.Release|Any CPU.ActiveCfg = Release|Any CPU
		{C16092FC-B42E-4FB7-A298-A0443BE41D21}.Release|Any CPU.Build.0 = Release|Any CPU
		{B3B86E65-2D07-414D-AB97-240D10CC39E3}.Debug|Any CPU.ActiveCfg = Debug|Any CPU
		{B3B86E65-2D07-414D-AB97-240D10CC39E3}.Debug|Any CPU.Build.0 = Debug|Any CPU
		{B3B86E65-2D07-414D-AB97-240D10CC39E3}.Release|Any CPU.ActiveCfg = Release|Any CPU
		{B3B86E65-2D07-414D-AB97-240D10CC39E3}.Release|Any CPU.Build.0 = Release|Any CPU
		{08799829-7F47-4317-9ADD-29C2B99FAAD5}.Debug|Any CPU.ActiveCfg = Debug|Any CPU
		{08799829-7F47-4317-9ADD-29C2B99FAAD5}.Debug|Any CPU.Build.0 = Debug|Any CPU
		{08799829-7F47-4317-9ADD-29C2B99FAAD5}.Release|Any CPU.ActiveCfg = Release|Any CPU
		{08799829-7F47-4317-9ADD-29C2B99FAAD5}.Release|Any CPU.Build.0 = Release|Any CPU
	EndGlobalSection
	GlobalSection(SolutionProperties) = preSolution
		HideSolutionNode = FALSE
	EndGlobalSection
	GlobalSection(ExtensibilityGlobals) = postSolution
		SolutionGuid = {B5B27BE5-9F01-45C9-8C37-04ABE871BD48}
	EndGlobalSection
EndGlobal
